
Microsoft Visual Studio Solution File, Format Version 12.00
# Visual Studio 15
VisualStudioVersion = 15.0.28010.2046
MinimumVisualStudioVersion = 10.0.40219.1
Project("{9A19103F-16F7-4668-BE54-9A1E7A4F7556}") = "LVIDiagnosticConcordanceStudy", "LVIDiagnosticConcordanceStudy\LVIDiagnosticConcordanceStudy.csproj", "{91F18CE7-0ECD-44DC-85D7-7717BAD3E815}"
EndProject
Project("{9A19103F-16F7-4668-BE54-9A1E7A4F7556}") = "LVIDiagnosticConcordanceStudy.Tests", "LVIDiagnosticConcordanceStudy.Tests\LVIDiagnosticConcordanceStudy.Tests.csproj", "{796E0A99-CA5F-4A47-B1E9-CF68052F3B98}"
EndProject
Global
	GlobalSection(SolutionConfigurationPlatforms) = preSolution
		Debug|Any CPU = Debug|Any CPU
		Release|Any CPU = Release|Any CPU
	EndGlobalSection
	GlobalSection(ProjectConfigurationPlatforms) = postSolution
		{91F18CE7-0ECD-44DC-85D7-7717BAD3E815}.Debug|Any CPU.ActiveCfg = Debug|Any CPU
		{91F18CE7-0ECD-44DC-85D7-7717BAD3E815}.Debug|Any CPU.Build.0 = Debug|Any CPU
		{91F18CE7-0ECD-44DC-85D7-7717BAD3E815}.Release|Any CPU.ActiveCfg = Release|Any CPU
		{91F18CE7-0ECD-44DC-85D7-7717BAD3E815}.Release|Any CPU.Build.0 = Release|Any CPU
		{796E0A99-CA5F-4A47-B1E9-CF68052F3B98}.Debug|Any CPU.ActiveCfg = Debug|Any CPU
		{796E0A99-CA5F-4A47-B1E9-CF68052F3B98}.Debug|Any CPU.Build.0 = Debug|Any CPU
		{796E0A99-CA5F-4A47-B1E9-CF68052F3B98}.Release|Any CPU.ActiveCfg = Release|Any CPU
		{796E0A99-CA5F-4A47-B1E9-CF68052F3B98}.Release|Any CPU.Build.0 = Release|Any CPU
	EndGlobalSection
	GlobalSection(SolutionProperties) = preSolution
		HideSolutionNode = FALSE
	EndGlobalSection
	GlobalSection(ExtensibilityGlobals) = postSolution
		SolutionGuid = {789379CD-8F6B-4C07-83FC-C13E70CDB367}
	EndGlobalSection
EndGlobal
